
Microsoft Visual Studio Solution File, Format Version 12.00
# Visual Studio Version 17
VisualStudioVersion = 17.5.33530.505
MinimumVisualStudioVersion = 10.0.40219.1
Project("{FAE04EC0-301F-11D3-BF4B-00C04F79EFBC}") = "AoCCSharp", "AoCCSharp.csproj", "{8D6B1E3B-4C79-4E3A-86B4-B44BFFE74670}"
EndProject
Global
	GlobalSection(SolutionConfigurationPlatforms) = preSolution
		Debug|Any CPU = Debug|Any CPU
		Release|Any CPU = Release|Any CPU
	EndGlobalSection
	GlobalSection(ProjectConfigurationPlatforms) = postSolution
		{8D6B1E3B-4C79-4E3A-86B4-B44BFFE74670}.Debug|Any CPU.ActiveCfg = Debug|Any CPU
		{8D6B1E3B-4C79-4E3A-86B4-B44BFFE74670}.Debug|Any CPU.Build.0 = Debug|Any CPU
		{8D6B1E3B-4C79-4E3A-86B4-B44BFFE74670}.Release|Any CPU.ActiveCfg = Release|Any CPU
		{8D6B1E3B-4C79-4E3A-86B4-B44BFFE74670}.Release|Any CPU.Build.0 = Release|Any CPU
	EndGlobalSection
	GlobalSection(SolutionProperties) = preSolution
		HideSolutionNode = FALSE
	EndGlobalSection
	GlobalSection(ExtensibilityGlobals) = postSolution
		SolutionGuid = {645908FF-3847-4A8D-963B-F68DD5B9BF0C}
	EndGlobalSection
EndGlobal
